// !$*UTF8*$!
{
	archiveVersion = 1;
	classes = {
	};
	objectVersion = 50;
	objects = {

/* Begin PBXBuildFile section */
		D36FC94F21AE3AE2007B8796 /* AppDelegate.swift in Sources */ = {isa = PBXBuildFile; fileRef = D36FC94E21AE3AE2007B8796 /* AppDelegate.swift */; };
		D36FC95121AE3AE2007B8796 /* GameScene.sks in Resources */ = {isa = PBXBuildFile; fileRef = D36FC95021AE3AE2007B8796 /* GameScene.sks */; };
		D36FC95321AE3AE2007B8796 /* Actions.sks in Resources */ = {isa = PBXBuildFile; fileRef = D36FC95221AE3AE2007B8796 /* Actions.sks */; };
		D36FC95521AE3AE2007B8796 /* GameScene.swift in Sources */ = {isa = PBXBuildFile; fileRef = D36FC95421AE3AE2007B8796 /* GameScene.swift */; };
		D36FC95721AE3AE2007B8796 /* GameViewController.swift in Sources */ = {isa = PBXBuildFile; fileRef = D36FC95621AE3AE2007B8796 /* GameViewController.swift */; };
		D36FC95A21AE3AE2007B8796 /* Main.storyboard in Resources */ = {isa = PBXBuildFile; fileRef = D36FC95821AE3AE2007B8796 /* Main.storyboard */; };
		D36FC95C21AE3AE8007B8796 /* Assets.xcassets in Resources */ = {isa = PBXBuildFile; fileRef = D36FC95B21AE3AE8007B8796 /* Assets.xcassets */; };
		D36FC95F21AE3AE8007B8796 /* LaunchScreen.storyboard in Resources */ = {isa = PBXBuildFile; fileRef = D36FC95D21AE3AE8007B8796 /* LaunchScreen.storyboard */; };
		D36FC96A21AE3AE8007B8796 /* RetroSnakerTests.swift in Sources */ = {isa = PBXBuildFile; fileRef = D36FC96921AE3AE8007B8796 /* RetroSnakerTests.swift */; };
		D36FC97521AE3AE9007B8796 /* RetroSnakerUITests.swift in Sources */ = {isa = PBXBuildFile; fileRef = D36FC97421AE3AE9007B8796 /* RetroSnakerUITests.swift */; };
/* End PBXBuildFile section */

/* Begin PBXContainerItemProxy section */
		D36FC96621AE3AE8007B8796 /* PBXContainerItemProxy */ = {
			isa = PBXContainerItemProxy;
			containerPortal = D36FC94321AE3AE1007B8796 /* Project object */;
			proxyType = 1;
			remoteGlobalIDString = D36FC94A21AE3AE1007B8796;
			remoteInfo = RetroSnaker;
		};
		D36FC97121AE3AE9007B8796 /* PBXContainerItemProxy */ = {
			isa = PBXContainerItemProxy;
			containerPortal = D36FC94321AE3AE1007B8796 /* Project object */;
			proxyType = 1;
			remoteGlobalIDString = D36FC94A21AE3AE1007B8796;
			remoteInfo = RetroSnaker;
		};
/* End PBXContainerItemProxy section */

/* Begin PBXFileReference section */
		D36FC94B21AE3AE1007B8796 /* RetroSnaker.app */ = {isa = PBXFileReference; explicitFileType = wrapper.application; includeInIndex = 0; path = RetroSnaker.app; sourceTree = BUILT_PRODUCTS_DIR; };
		D36FC94E21AE3AE2007B8796 /* AppDelegate.swift */ = {isa = PBXFileReference; lastKnownFileType = sourcecode.swift; path = AppDelegate.swift; sourceTree = "<group>"; };
		D36FC95021AE3AE2007B8796 /* GameScene.sks */ = {isa = PBXFileReference; lastKnownFileType = file.sks; path = GameScene.sks; sourceTree = "<group>"; };
		D36FC95221AE3AE2007B8796 /* Actions.sks */ = {isa = PBXFileReference; lastKnownFileType = file.sks; path = Actions.sks; sourceTree = "<group>"; };
		D36FC95421AE3AE2007B8796 /* GameScene.swift */ = {isa = PBXFileReference; lastKnownFileType = sourcecode.swift; path = GameScene.swift; sourceTree = "<group>"; };
		D36FC95621AE3AE2007B8796 /* GameViewController.swift */ = {isa = PBXFileReference; lastKnownFileType = sourcecode.swift; path = GameViewController.swift; sourceTree = "<group>"; };
		D36FC95921AE3AE2007B8796 /* Base */ = {isa = PBXFileReference; lastKnownFileType = file.storyboard; name = Base; path = Base.lproj/Main.storyboard; sourceTree = "<group>"; };
		D36FC95B21AE3AE8007B8796 /* Assets.xcassets */ = {isa = PBXFileReference; lastKnownFileType = folder.assetcatalog; path = Assets.xcassets; sourceTree = "<group>"; };
		D36FC95E21AE3AE8007B8796 /* Base */ = {isa = PBXFileReference; lastKnownFileType = file.storyboard; name = Base; path = Base.lproj/LaunchScreen.storyboard; sourceTree = "<group>"; };
		D36FC96021AE3AE8007B8796 /* Info.plist */ = {isa = PBXFileReference; lastKnownFileType = text.plist.xml; path = Info.plist; sourceTree = "<group>"; };
		D36FC96521AE3AE8007B8796 /* RetroSnakerTests.xctest */ = {isa = PBXFileReference; explicitFileType = wrapper.cfbundle; includeInIndex = 0; path = RetroSnakerTests.xctest; sourceTree = BUILT_PRODUCTS_DIR; };
		D36FC96921AE3AE8007B8796 /* RetroSnakerTests.swift */ = {isa = PBXFileReference; lastKnownFileType = sourcecode.swift; path = RetroSnakerTests.swift; sourceTree = "<group>"; };
		D36FC96B21AE3AE8007B8796 /* Info.plist */ = {isa = PBXFileReference; lastKnownFileType = text.plist.xml; path = Info.plist; sourceTree = "<group>"; };
		D36FC97021AE3AE9007B8796 /* RetroSnakerUITests.xctest */ = {isa = PBXFileReference; explicitFileType = wrapper.cfbundle; includeInIndex = 0; path = RetroSnakerUITests.xctest; sourceTree = BUILT_PRODUCTS_DIR; };
		D36FC97421AE3AE9007B8796 /* RetroSnakerUITests.swift */ = {isa = PBXFileReference; lastKnownFileType = sourcecode.swift; path = RetroSnakerUITests.swift; sourceTree = "<group>"; };
		D36FC97621AE3AE9007B8796 /* Info.plist */ = {isa = PBXFileReference; lastKnownFileType = text.plist.xml; path = Info.plist; sourceTree = "<group>"; };
/* End PBXFileReference section */

/* Begin PBXFrameworksBuildPhase section */
		D36FC94821AE3AE1007B8796 /* Frameworks */ = {
			isa = PBXFrameworksBuildPhase;
			buildActionMask = 2147483647;
			files = (
			);
			runOnlyForDeploymentPostprocessing = 0;
		};
		D36FC96221AE3AE8007B8796 /* Frameworks */ = {
			isa = PBXFrameworksBuildPhase;
			buildActionMask = 2147483647;
			files = (
			);
			runOnlyForDeploymentPostprocessing = 0;
		};
		D36FC96D21AE3AE9007B8796 /* Frameworks */ = {
			isa = PBXFrameworksBuildPhase;
			buildActionMask = 2147483647;
			files = (
			);
			runOnlyForDeploymentPostprocessing = 0;
		};
/* End PBXFrameworksBuildPhase section */

/* Begin PBXGroup section */
		D36FC94221AE3AE1007B8796 = {
			isa = PBXGroup;
			children = (
				D36FC94D21AE3AE1007B8796 /* RetroSnaker */,
				D36FC96821AE3AE8007B8796 /* RetroSnakerTests */,
				D36FC97321AE3AE9007B8796 /* RetroSnakerUITests */,
				D36FC94C21AE3AE1007B8796 /* Products */,
			);
			sourceTree = "<group>";
		};
		D36FC94C21AE3AE1007B8796 /* Products */ = {
			isa = PBXGroup;
			children = (
				D36FC94B21AE3AE1007B8796 /* RetroSnaker.app */,
				D36FC96521AE3AE8007B8796 /* RetroSnakerTests.xctest */,
				D36FC97021AE3AE9007B8796 /* RetroSnakerUITests.xctest */,
			);
			name = Products;
			sourceTree = "<group>";
		};
		D36FC94D21AE3AE1007B8796 /* RetroSnaker */ = {
			isa = PBXGroup;
			children = (
				D36FC94E21AE3AE2007B8796 /* AppDelegate.swift */,
				D36FC95021AE3AE2007B8796 /* GameScene.sks */,
				D36FC95221AE3AE2007B8796 /* Actions.sks */,
				D36FC95421AE3AE2007B8796 /* GameScene.swift */,
				D36FC95621AE3AE2007B8796 /* GameViewController.swift */,
				D36FC95821AE3AE2007B8796 /* Main.storyboard */,
				D36FC95B21AE3AE8007B8796 /* Assets.xcassets */,
				D36FC95D21AE3AE8007B8796 /* LaunchScreen.storyboard */,
				D36FC96021AE3AE8007B8796 /* Info.plist */,
			);
			path = RetroSnaker;
			sourceTree = "<group>";
		};
		D36FC96821AE3AE8007B8796 /* RetroSnakerTests */ = {
			isa = PBXGroup;
			children = (
				D36FC96921AE3AE8007B8796 /* RetroSnakerTests.swift */,
				D36FC96B21AE3AE8007B8796 /* Info.plist */,
			);
			path = RetroSnakerTests;
			sourceTree = "<group>";
		};
		D36FC97321AE3AE9007B8796 /* RetroSnakerUITests */ = {
			isa = PBXGroup;
			children = (
				D36FC97421AE3AE9007B8796 /* RetroSnakerUITests.swift */,
				D36FC97621AE3AE9007B8796 /* Info.plist */,
			);
			path = RetroSnakerUITests;
			sourceTree = "<group>";
		};
/* End PBXGroup section */

/* Begin PBXNativeTarget section */
		D36FC94A21AE3AE1007B8796 /* RetroSnaker */ = {
			isa = PBXNativeTarget;
			buildConfigurationList = D36FC97921AE3AE9007B8796 /* Build configuration list for PBXNativeTarget "RetroSnaker" */;
			buildPhases = (
				D36FC94721AE3AE1007B8796 /* Sources */,
				D36FC94821AE3AE1007B8796 /* Frameworks */,
				D36FC94921AE3AE1007B8796 /* Resources */,
			);
			buildRules = (
			);
			dependencies = (
			);
			name = RetroSnaker;
			productName = RetroSnaker;
			productReference = D36FC94B21AE3AE1007B8796 /* RetroSnaker.app */;
			productType = "com.apple.product-type.application";
		};
		D36FC96421AE3AE8007B8796 /* RetroSnakerTests */ = {
			isa = PBXNativeTarget;
			buildConfigurationList = D36FC97C21AE3AE9007B8796 /* Build configuration list for PBXNativeTarget "RetroSnakerTests" */;
			buildPhases = (
				D36FC96121AE3AE8007B8796 /* Sources */,
				D36FC96221AE3AE8007B8796 /* Frameworks */,
				D36FC96321AE3AE8007B8796 /* Resources */,
			);
			buildRules = (
			);
			dependencies = (
				D36FC96721AE3AE8007B8796 /* PBXTargetDependency */,
			);
			name = RetroSnakerTests;
			productName = RetroSnakerTests;
			productReference = D36FC96521AE3AE8007B8796 /* RetroSnakerTests.xctest */;
			productType = "com.apple.product-type.bundle.unit-test";
		};
		D36FC96F21AE3AE9007B8796 /* RetroSnakerUITests */ = {
			isa = PBXNativeTarget;
			buildConfigurationList = D36FC97F21AE3AE9007B8796 /* Build configuration list for PBXNativeTarget "RetroSnakerUITests" */;
			buildPhases = (
				D36FC96C21AE3AE9007B8796 /* Sources */,
				D36FC96D21AE3AE9007B8796 /* Frameworks */,
				D36FC96E21AE3AE9007B8796 /* Resources */,
			);
			buildRules = (
			);
			dependencies = (
				D36FC97221AE3AE9007B8796 /* PBXTargetDependency */,
			);
			name = RetroSnakerUITests;
			productName = RetroSnakerUITests;
			productReference = D36FC97021AE3AE9007B8796 /* RetroSnakerUITests.xctest */;
			productType = "com.apple.product-type.bundle.ui-testing";
		};
/* End PBXNativeTarget section */

/* Begin PBXProject section */
		D36FC94321AE3AE1007B8796 /* Project object */ = {
			isa = PBXProject;
			attributes = {
				LastSwiftUpdateCheck = 1010;
				LastUpgradeCheck = 1010;
				ORGANIZATIONNAME = 20161104580;
				TargetAttributes = {
					D36FC94A21AE3AE1007B8796 = {
						CreatedOnToolsVersion = 10.1;
					};
					D36FC96421AE3AE8007B8796 = {
						CreatedOnToolsVersion = 10.1;
						TestTargetID = D36FC94A21AE3AE1007B8796;
					};
					D36FC96F21AE3AE9007B8796 = {
						CreatedOnToolsVersion = 10.1;
						TestTargetID = D36FC94A21AE3AE1007B8796;
					};
				};
			};
			buildConfigurationList = D36FC94621AE3AE1007B8796 /* Build configuration list for PBXProject "RetroSnaker" */;
			compatibilityVersion = "Xcode 9.3";
			developmentRegion = en;
			hasScannedForEncodings = 0;
			knownRegions = (
				en,
				Base,
			);
			mainGroup = D36FC94221AE3AE1007B8796;
			productRefGroup = D36FC94C21AE3AE1007B8796 /* Products */;
			projectDirPath = "";
			projectRoot = "";
			targets = (
				D36FC94A21AE3AE1007B8796 /* RetroSnaker */,
				D36FC96421AE3AE8007B8796 /* RetroSnakerTests */,
				D36FC96F21AE3AE9007B8796 /* RetroSnakerUITests */,
			);
		};
/* End PBXProject section */

/* Begin PBXResourcesBuildPhase section */
		D36FC94921AE3AE1007B8796 /* Resources */ = {
			isa = PBXResourcesBuildPhase;
			buildActionMask = 2147483647;
			files = (
				D36FC95A21AE3AE2007B8796 /* Main.storyboard in Resources */,
				D36FC95121AE3AE2007B8796 /* GameScene.sks in Resources */,
				D36FC95C21AE3AE8007B8796 /* Assets.xcassets in Resources */,
				D36FC95F21AE3AE8007B8796 /* LaunchScreen.storyboard in Resources */,
				D36FC95321AE3AE2007B8796 /* Actions.sks in Resources */,
			);
			runOnlyForDeploymentPostprocessing = 0;
		};
		D36FC96321AE3AE8007B8796 /* Resources */ = {
			isa = PBXResourcesBuildPhase;
			buildActionMask = 2147483647;
			files = (
			);
			runOnlyForDeploymentPostprocessing = 0;
		};
		D36FC96E21AE3AE9007B8796 /* Resources */ = {
			isa = PBXResourcesBuildPhase;
			buildActionMask = 2147483647;
			files = (
			);
			runOnlyForDeploymentPostprocessing = 0;
		};
/* End PBXResourcesBuildPhase section */

/* Begin PBXSourcesBuildPhase section */
		D36FC94721AE3AE1007B8796 /* Sources */ = {
			isa = PBXSourcesBuildPhase;
			buildActionMask = 2147483647;
			files = (
				D36FC95521AE3AE2007B8796 /* GameScene.swift in Sources */,
				D36FC95721AE3AE2007B8796 /* GameViewController.swift in Sources */,
				D36FC94F21AE3AE2007B8796 /* AppDelegate.swift in Sources */,
			);
			runOnlyForDeploymentPostprocessing = 0;
		};
		D36FC96121AE3AE8007B8796 /* Sources */ = {
			isa = PBXSourcesBuildPhase;
			buildActionMask = 2147483647;
			files = (
				D36FC96A21AE3AE8007B8796 /* RetroSnakerTests.swift in Sources */,
			);
			runOnlyForDeploymentPostprocessing = 0;
		};
		D36FC96C21AE3AE9007B8796 /* Sources */ = {
			isa = PBXSourcesBuildPhase;
			buildActionMask = 2147483647;
			files = (
				D36FC97521AE3AE9007B8796 /* RetroSnakerUITests.swift in Sources */,
			);
			runOnlyForDeploymentPostprocessing = 0;
		};
/* End PBXSourcesBuildPhase section */

/* Begin PBXTargetDependency section */
		D36FC96721AE3AE8007B8796 /* PBXTargetDependency */ = {
			isa = PBXTargetDependency;
			target = D36FC94A21AE3AE1007B8796 /* RetroSnaker */;
			targetProxy = D36FC96621AE3AE8007B8796 /* PBXContainerItemProxy */;
		};
		D36FC97221AE3AE9007B8796 /* PBXTargetDependency */ = {
			isa = PBXTargetDependency;
			target = D36FC94A21AE3AE1007B8796 /* RetroSnaker */;
			targetProxy = D36FC97121AE3AE9007B8796 /* PBXContainerItemProxy */;
		};
/* End PBXTargetDependency section */

/* Begin PBXVariantGroup section */
		D36FC95821AE3AE2007B8796 /* Main.storyboard */ = {
			isa = PBXVariantGroup;
			children = (
				D36FC95921AE3AE2007B8796 /* Base */,
			);
			name = Main.storyboard;
			sourceTree = "<group>";
		};
		D36FC95D21AE3AE8007B8796 /* LaunchScreen.storyboard */ = {
			isa = PBXVariantGroup;
			children = (
				D36FC95E21AE3AE8007B8796 /* Base */,
			);
			name = LaunchScreen.storyboard;
			sourceTree = "<group>";
		};
/* End PBXVariantGroup section */

/* Begin XCBuildConfiguration section */
		D36FC97721AE3AE9007B8796 /* Debug */ = {
			isa = XCBuildConfiguration;
			buildSettings = {
				ALWAYS_SEARCH_USER_PATHS = NO;
				CLANG_ANALYZER_NONNULL = YES;
				CLANG_ANALYZER_NUMBER_OBJECT_CONVERSION = YES_AGGRESSIVE;
				CLANG_CXX_LANGUAGE_STANDARD = "gnu++14";
				CLANG_CXX_LIBRARY = "libc++";
				CLANG_ENABLE_MODULES = YES;
				CLANG_ENABLE_OBJC_ARC = YES;
				CLANG_ENABLE_OBJC_WEAK = YES;
				CLANG_WARN_BLOCK_CAPTURE_AUTORELEASING = YES;
				CLANG_WARN_BOOL_CONVERSION = YES;
				CLANG_WARN_COMMA = YES;
				CLANG_WARN_CONSTANT_CONVERSION = YES;
				CLANG_WARN_DEPRECATED_OBJC_IMPLEMENTATIONS = YES;
				CLANG_WARN_DIRECT_OBJC_ISA_USAGE = YES_ERROR;
				CLANG_WARN_DOCUMENTATION_COMMENTS = YES;
				CLANG_WARN_EMPTY_BODY = YES;
				CLANG_WARN_ENUM_CONVERSION = YES;
				CLANG_WARN_INFINITE_RECURSION = YES;
				CLANG_WARN_INT_CONVERSION = YES;
				CLANG_WARN_NON_LITERAL_NULL_CONVERSION = YES;
				CLANG_WARN_OBJC_IMPLICIT_RETAIN_SELF = YES;
				CLANG_WARN_OBJC_LITERAL_CONVERSION = YES;
				CLANG_WARN_OBJC_ROOT_CLASS = YES_ERROR;
				CLANG_WARN_RANGE_LOOP_ANALYSIS = YES;
				CLANG_WARN_STRICT_PROTOTYPES = YES;
				CLANG_WARN_SUSPICIOUS_MOVE = YES;
				CLANG_WARN_UNGUARDED_AVAILABILITY = YES_AGGRESSIVE;
				CLANG_WARN_UNREACHABLE_CODE = YES;
				CLANG_WARN__DUPLICATE_METHOD_MATCH = YES;
				CODE_SIGN_IDENTITY = "iPhone Developer";
				COPY_PHASE_STRIP = NO;
				DEBUG_INFORMATION_FORMAT = dwarf;
				ENABLE_STRICT_OBJC_MSGSEND = YES;
				ENABLE_TESTABILITY = YES;
				GCC_C_LANGUAGE_STANDARD = gnu11;
				GCC_DYNAMIC_NO_PIC = NO;
				GCC_NO_COMMON_BLOCKS = YES;
				GCC_OPTIMIZATION_LEVEL = 0;
				GCC_PREPROCESSOR_DEFINITIONS = (
					"DEBUG=1",
					"$(inherited)",
				);
				GCC_WARN_64_TO_32_BIT_CONVERSION = YES;
				GCC_WARN_ABOUT_RETURN_TYPE = YES_ERROR;
				GCC_WARN_UNDECLARED_SELECTOR = YES;
				GCC_WARN_UNINITIALIZED_AUTOS = YES_AGGRESSIVE;
				GCC_WARN_UNUSED_FUNCTION = YES;
				GCC_WARN_UNUSED_VARIABLE = YES;
				IPHONEOS_DEPLOYMENT_TARGET = 12.1;
				MTL_ENABLE_DEBUG_INFO = INCLUDE_SOURCE;
				MTL_FAST_MATH = YES;
				ONLY_ACTIVE_ARCH = YES;
				SDKROOT = iphoneos;
				SWIFT_ACTIVE_COMPILATION_CONDITIONS = DEBUG;
				SWIFT_OPTIMIZATION_LEVEL = "-Onone";
			};
			name = Debug;
		};
		D36FC97821AE3AE9007B8796 /* Release */ = {
			isa = XCBuildConfiguration;
			buildSettings = {
				ALWAYS_SEARCH_USER_PATHS = NO;
				CLANG_ANALYZER_NONNULL = YES;
				CLANG_ANALYZER_NUMBER_OBJECT_CONVERSION = YES_AGGRESSIVE;
				CLANG_CXX_LANGUAGE_STANDARD = "gnu++14";
				CLANG_CXX_LIBRARY = "libc++";
				CLANG_ENABLE_MODULES = YES;
				CLANG_ENABLE_OBJC_ARC = YES;
				CLANG_ENABLE_OBJC_WEAK = YES;
				CLANG_WARN_BLOCK_CAPTURE_AUTORELEASING = YES;
				CLANG_WARN_BOOL_CONVERSION = YES;
				CLANG_WARN_COMMA = YES;
				CLANG_WARN_CONSTANT_CONVERSION = YES;
				CLANG_WARN_DEPRECATED_OBJC_IMPLEMENTATIONS = YES;
				CLANG_WARN_DIRECT_OBJC_ISA_USAGE = YES_ERROR;
				CLANG_WARN_DOCUMENTATION_COMMENTS = YES;
				CLANG_WARN_EMPTY_BODY = YES;
				CLANG_WARN_ENUM_CONVERSION = YES;
				CLANG_WARN_INFINITE_RECURSION = YES;
				CLANG_WARN_INT_CONVERSION = YES;
				CLANG_WARN_NON_LITERAL_NULL_CONVERSION = YES;
				CLANG_WARN_OBJC_IMPLICIT_RETAIN_SELF = YES;
				CLANG_WARN_OBJC_LITERAL_CONVERSION = YES;
				CLANG_WARN_OBJC_ROOT_CLASS = YES_ERROR;
				CLANG_WARN_RANGE_LOOP_ANALYSIS = YES;
				CLANG_WARN_STRICT_PROTOTYPES = YES;
				CLANG_WARN_SUSPICIOUS_MOVE = YES;
				CLANG_WARN_UNGUARDED_AVAILABILITY = YES_AGGRESSIVE;
				CLANG_WARN_UNREACHABLE_CODE = YES;
				CLANG_WARN__DUPLICATE_METHOD_MATCH = YES;
				CODE_SIGN_IDENTITY = "iPhone Developer";
				COPY_PHASE_STRIP = NO;
				DEBUG_INFORMATION_FORMAT = "dwarf-with-dsym";
				ENABLE_NS_ASSERTIONS = NO;
				ENABLE_STRICT_OBJC_MSGSEND = YES;
				GCC_C_LANGUAGE_STANDARD = gnu11;
				GCC_NO_COMMON_BLOCKS = YES;
				GCC_WARN_64_TO_32_BIT_CONVERSION = YES;
				GCC_WARN_ABOUT_RETURN_TYPE = YES_ERROR;
				GCC_WARN_UNDECLARED_SELECTOR = YES;
				GCC_WARN_UNINITIALIZED_AUTOS = YES_AGGRESSIVE;
				GCC_WARN_UNUSED_FUNCTION = YES;
				GCC_WARN_UNUSED_VARIABLE = YES;
				IPHONEOS_DEPLOYMENT_TARGET = 12.1;
				MTL_ENABLE_DEBUG_INFO = NO;
				MTL_FAST_MATH = YES;
				SDKROOT = iphoneos;
				SWIFT_COMPILATION_MODE = wholemodule;
				SWIFT_OPTIMIZATION_LEVEL = "-O";
				VALIDATE_PRODUCT = YES;
			};
			name = Release;
		};
		D36FC97A21AE3AE9007B8796 /* Debug */ = {
			isa = XCBuildConfiguration;
			buildSettings = {
				ASSETCATALOG_COMPILER_APPICON_NAME = AppIcon;
				CODE_SIGN_STYLE = Automatic;
				INFOPLIST_FILE = RetroSnaker/Info.plist;
				LD_RUNPATH_SEARCH_PATHS = (
					"$(inherited)",
					"@executable_path/Frameworks",
				);
				PRODUCT_BUNDLE_IDENTIFIER = ject.RetroSnaker;
				PRODUCT_NAME = "$(TARGET_NAME)";
				SWIFT_VERSION = 4.2;
				TARGETED_DEVICE_FAMILY = "1,2";
			};
			name = Debug;
		};
		D36FC97B21AE3AE9007B8796 /* Release */ = {
			isa = XCBuildConfiguration;
			buildSettings = {
				ASSETCATALOG_COMPILER_APPICON_NAME = AppIcon;
				CODE_SIGN_STYLE = Automatic;
				INFOPLIST_FILE = RetroSnaker/Info.plist;
				LD_RUNPATH_SEARCH_PATHS = (
					"$(inherited)",
					"@executable_path/Frameworks",
				);
				PRODUCT_BUNDLE_IDENTIFIER = ject.RetroSnaker;
				PRODUCT_NAME = "$(TARGET_NAME)";
				SWIFT_VERSION = 4.2;
				TARGETED_DEVICE_FAMILY = "1,2";
			};
			name = Release;
		};
		D36FC97D21AE3AE9007B8796 /* Debug */ = {
			isa = XCBuildConfiguration;
			buildSettings = {
				ALWAYS_EMBED_SWIFT_STANDARD_LIBRARIES = YES;
				BUNDLE_LOADER = "$(TEST_HOST)";
				CODE_SIGN_STYLE = Automatic;
				INFOPLIST_FILE = RetroSnakerTests/Info.plist;
				LD_RUNPATH_SEARCH_PATHS = (
					"$(inherited)",
					"@executable_path/Frameworks",
					"@loader_path/Frameworks",
				);
				PRODUCT_BUNDLE_IDENTIFIER = ject.RetroSnakerTests;
				PRODUCT_NAME = "$(TARGET_NAME)";
				SWIFT_VERSION = 4.2;
				TARGETED_DEVICE_FAMILY = "1,2";
				TEST_HOST = "$(BUILT_PRODUCTS_DIR)/RetroSnaker.app/RetroSnaker";
			};
			name = Debug;
		};
		D36FC97E21AE3AE9007B8796 /* Release */ = {
			isa = XCBuildConfiguration;
			buildSettings = {
				ALWAYS_EMBED_SWIFT_STANDARD_LIBRARIES = YES;
				BUNDLE_LOADER = "$(TEST_HOST)";
				CODE_SIGN_STYLE = Automatic;
				INFOPLIST_FILE = RetroSnakerTests/Info.plist;
				LD_RUNPATH_SEARCH_PATHS = (
					"$(inherited)",
					"@executable_path/Frameworks",
					"@loader_path/Frameworks",
				);
				PRODUCT_BUNDLE_IDENTIFIER = ject.RetroSnakerTests;
				PRODUCT_NAME = "$(TARGET_NAME)";
				SWIFT_VERSION = 4.2;
				TARGETED_DEVICE_FAMILY = "1,2";
				TEST_HOST = "$(BUILT_PRODUCTS_DIR)/RetroSnaker.app/RetroSnaker";
			};
			name = Release;
		};
		D36FC98021AE3AE9007B8796 /* Debug */ = {
			isa = XCBuildConfiguration;
			buildSettings = {
				ALWAYS_EMBED_SWIFT_STANDARD_LIBRARIES = YES;
				CODE_SIGN_STYLE = Automatic;
				INFOPLIST_FILE = RetroSnakerUITests/Info.plist;
				LD_RUNPATH_SEARCH_PATHS = (
					"$(inherited)",
					"@executable_path/Frameworks",
					"@loader_path/Frameworks",
				);
				PRODUCT_BUNDLE_IDENTIFIER = ject.RetroSnakerUITests;
				PRODUCT_NAME = "$(TARGET_NAME)";
				SWIFT_VERSION = 4.2;
				TARGETED_DEVICE_FAMILY = "1,2";
				TEST_TARGET_NAME = RetroSnaker;
			};
			name = Debug;
		};
		D36FC98121AE3AE9007B8796 /* Release */ = {
			isa = XCBuildConfiguration;
			buildSettings = {
				ALWAYS_EMBED_SWIFT_STANDARD_LIBRARIES = YES;
				CODE_SIGN_STYLE = Automatic;
				INFOPLIST_FILE = RetroSnakerUITests/Info.plist;
				LD_RUNPATH_SEARCH_PATHS = (
					"$(inherited)",
					"@executable_path/Frameworks",
					"@loader_path/Frameworks",
				);
				PRODUCT_BUNDLE_IDENTIFIER = ject.RetroSnakerUITests;
				PRODUCT_NAME = "$(TARGET_NAME)";
				SWIFT_VERSION = 4.2;
				TARGETED_DEVICE_FAMILY = "1,2";
				TEST_TARGET_NAME = RetroSnaker;
			};
			name = Release;
		};
/* End XCBuildConfiguration section */

/* Begin XCConfigurationList section */
		D36FC94621AE3AE1007B8796 /* Build configuration list for PBXProject "RetroSnaker" */ = {
			isa = XCConfigurationList;
			buildConfigurations = (
				D36FC97721AE3AE9007B8796 /* Debug */,
				D36FC97821AE3AE9007B8796 /* Release */,
			);
			defaultConfigurationIsVisible = 0;
			defaultConfigurationName = Release;
		};
		D36FC97921AE3AE9007B8796 /* Build configuration list for PBXNativeTarget "RetroSnaker" */ = {
			isa = XCConfigurationList;
			buildConfigurations = (
				D36FC97A21AE3AE9007B8796 /* Debug */,
				D36FC97B21AE3AE9007B8796 /* Release */,
			);
			defaultConfigurationIsVisible = 0;
			defaultConfigurationName = Release;
		};
		D36FC97C21AE3AE9007B8796 /* Build configuration list for PBXNativeTarget "RetroSnakerTests" */ = {
			isa = XCConfigurationList;
			buildConfigurations = (
				D36FC97D21AE3AE9007B8796 /* Debug */,
				D36FC97E21AE3AE9007B8796 /* Release */,
			);
			defaultConfigurationIsVisible = 0;
			defaultConfigurationName = Release;
		};
		D36FC97F21AE3AE9007B8796 /* Build configuration list for PBXNativeTarget "RetroSnakerUITests" */ = {
			isa = XCConfigurationList;
			buildConfigurations = (
				D36FC98021AE3AE9007B8796 /* Debug */,
				D36FC98121AE3AE9007B8796 /* Release */,
			);
			defaultConfigurationIsVisible = 0;
			defaultConfigurationName = Release;
		};
/* End XCConfigurationList section */
	};
	rootObject = D36FC94321AE3AE1007B8796 /* Project object */;
}
